
Microsoft Visual Studio Solution File, Format Version 12.00
# Visual Studio 15
VisualStudioVersion = 15.0.28307.329
MinimumVisualStudioVersion = 10.0.40219.1
Project("{FAE04EC0-301F-11D3-BF4B-00C04F79EFBC}") = "ConsoleApp1", "ConsoleApp1\ConsoleApp1.csproj", "{5DB7E35C-22B1-4134-872F-FF4F4DD5C812}"
EndProject
Global
	GlobalSection(SolutionConfigurationPlatforms) = preSolution
		Debug|Any CPU = Debug|Any CPU
		Release|Any CPU = Release|Any CPU
	EndGlobalSection
	GlobalSection(ProjectConfigurationPlatforms) = postSolution
		{5DB7E35C-22B1-4134-872F-FF4F4DD5C812}.Debug|Any CPU.ActiveCfg = Debug|Any CPU
		{5DB7E35C-22B1-4134-872F-FF4F4DD5C812}.Debug|Any CPU.Build.0 = Debug|Any CPU
		{5DB7E35C-22B1-4134-872F-FF4F4DD5C812}.Release|Any CPU.ActiveCfg = Release|Any CPU
		{5DB7E35C-22B1-4134-872F-FF4F4DD5C812}.Release|Any CPU.Build.0 = Release|Any CPU
	EndGlobalSection
	GlobalSection(SolutionProperties) = preSolution
		HideSolutionNode = FALSE
	EndGlobalSection
	GlobalSection(ExtensibilityGlobals) = postSolution
		SolutionGuid = {4E5F82BA-BCDD-46BC-AE6B-96F932144722}
	EndGlobalSection
EndGlobal
